
Microsoft Visual Studio Solution File, Format Version 12.00
Project("{FAE04EC0-301F-11D3-BF4B-00C04F79EFBC}") = "PersonalFinance.Api", "PersonalFinance.Api\PersonalFinance.Api.csproj", "{757750DF-A0C6-41A6-934D-486F11554EDB}"
EndProject
Global
	GlobalSection(SolutionConfigurationPlatforms) = preSolution
		Debug|Any CPU = Debug|Any CPU
		Release|Any CPU = Release|Any CPU
	EndGlobalSection
	GlobalSection(ProjectConfigurationPlatforms) = postSolution
		{757750DF-A0C6-41A6-934D-486F11554EDB}.Debug|Any CPU.ActiveCfg = Debug|Any CPU
		{757750DF-A0C6-41A6-934D-486F11554EDB}.Debug|Any CPU.Build.0 = Debug|Any CPU
		{757750DF-A0C6-41A6-934D-486F11554EDB}.Release|Any CPU.ActiveCfg = Release|Any CPU
		{757750DF-A0C6-41A6-934D-486F11554EDB}.Release|Any CPU.Build.0 = Release|Any CPU
	EndGlobalSection
EndGlobal
